
Microsoft Visual Studio Solution File, Format Version 12.00
# Visual Studio Version 17
VisualStudioVersion = 17.5.33530.505
MinimumVisualStudioVersion = 10.0.40219.1
Project("{FAE04EC0-301F-11D3-BF4B-00C04F79EFBC}") = "api.ParcialRafaelRodi", "api.ParcialRafaelRodi.csproj", "{592D1AE5-D533-4A3E-A7A6-B3BE207EC0E1}"
EndProject
Project("{FAE04EC0-301F-11D3-BF4B-00C04F79EFBC}") = "Repository", "..\Repository\Repository.csproj", "{BDB5A17F-3170-4B6C-8139-9CAE6F12E1DB}"
EndProject
Project("{FAE04EC0-301F-11D3-BF4B-00C04F79EFBC}") = "Services", "..\Services\Services.csproj", "{F3E3CF39-AA95-474C-AC8A-49C501F533F2}"
EndProject
Global
	GlobalSection(SolutionConfigurationPlatforms) = preSolution
		Debug|Any CPU = Debug|Any CPU
		Release|Any CPU = Release|Any CPU
	EndGlobalSection
	GlobalSection(ProjectConfigurationPlatforms) = postSolution
		{592D1AE5-D533-4A3E-A7A6-B3BE207EC0E1}.Debug|Any CPU.ActiveCfg = Debug|Any CPU
		{592D1AE5-D533-4A3E-A7A6-B3BE207EC0E1}.Debug|Any CPU.Build.0 = Debug|Any CPU
		{592D1AE5-D533-4A3E-A7A6-B3BE207EC0E1}.Release|Any CPU.ActiveCfg = Release|Any CPU
		{592D1AE5-D533-4A3E-A7A6-B3BE207EC0E1}.Release|Any CPU.Build.0 = Release|Any CPU
		{BDB5A17F-3170-4B6C-8139-9CAE6F12E1DB}.Debug|Any CPU.ActiveCfg = Debug|Any CPU
		{BDB5A17F-3170-4B6C-8139-9CAE6F12E1DB}.Debug|Any CPU.Build.0 = Debug|Any CPU
		{BDB5A17F-3170-4B6C-8139-9CAE6F12E1DB}.Release|Any CPU.ActiveCfg = Release|Any CPU
		{BDB5A17F-3170-4B6C-8139-9CAE6F12E1DB}.Release|Any CPU.Build.0 = Release|Any CPU
		{F3E3CF39-AA95-474C-AC8A-49C501F533F2}.Debug|Any CPU.ActiveCfg = Debug|Any CPU
		{F3E3CF39-AA95-474C-AC8A-49C501F533F2}.Debug|Any CPU.Build.0 = Debug|Any CPU
		{F3E3CF39-AA95-474C-AC8A-49C501F533F2}.Release|Any CPU.ActiveCfg = Release|Any CPU
		{F3E3CF39-AA95-474C-AC8A-49C501F533F2}.Release|Any CPU.Build.0 = Release|Any CPU
	EndGlobalSection
	GlobalSection(SolutionProperties) = preSolution
		HideSolutionNode = FALSE
	EndGlobalSection
	GlobalSection(ExtensibilityGlobals) = postSolution
		SolutionGuid = {AFCC490A-6BB1-48EB-B00E-008F2D31271B}
	EndGlobalSection
EndGlobal
